
Microsoft Visual Studio Solution File, Format Version 12.00
# Visual Studio Version 17
VisualStudioVersion = 17.5.33516.290
MinimumVisualStudioVersion = 10.0.40219.1
Project("{8BC9CEB8-8B4A-11D0-8D11-00A0C91BC942}") = "BOJ_Study", "BOJ_Study\BOJ_Study.vcxproj", "{1FF93E61-1B11-4097-BBEF-B557326E8CE9}"
EndProject
Project("{8BC9CEB8-8B4A-11D0-8D11-00A0C91BC942}") = "Self_Study", "Self_Study\Self_Study.vcxproj", "{5482B44C-0D8B-4D3B-BAFD-C0FB5261FE32}"
EndProject
Project("{8BC9CEB8-8B4A-11D0-8D11-00A0C91BC942}") = "Team_DataStructure", "Team_DataStructure\Team_DataStructure.vcxproj", "{528EAB46-0387-46EB-AD42-116BD87E4959}"
EndProject
Project("{8BC9CEB8-8B4A-11D0-8D11-00A0C91BC942}") = "Team_NumberTheory", "Team_NumberTheory\Team_NumberTheory.vcxproj", "{42980DFE-2F76-4CE5-96D4-82EE36B41691}"
EndProject
Project("{8BC9CEB8-8B4A-11D0-8D11-00A0C91BC942}") = "Team_Search", "Team_Search\Team_Search.vcxproj", "{D2C3E727-1616-4A39-A4CF-16D201ABDB6A}"
EndProject
Project("{8BC9CEB8-8B4A-11D0-8D11-00A0C91BC942}") = "KD_Study", "KD_Study\KD_Study.vcxproj", "{410828D3-ABF1-4915-A12B-343A38BC46F1}"
EndProject
Project("{8BC9CEB8-8B4A-11D0-8D11-00A0C91BC942}") = "Programmers_Study", "Programmers_Study\Programmers_Study.vcxproj", "{D0077A02-978F-447F-B0A4-E968D3AA6029}"
EndProject
Global
	GlobalSection(SolutionConfigurationPlatforms) = preSolution
		Debug|x64 = Debug|x64
		Debug|x86 = Debug|x86
		Release|x64 = Release|x64
		Release|x86 = Release|x86
	EndGlobalSection
	GlobalSection(ProjectConfigurationPlatforms) = postSolution
		{1FF93E61-1B11-4097-BBEF-B557326E8CE9}.Debug|x64.ActiveCfg = Debug|x64
		{1FF93E61-1B11-4097-BBEF-B557326E8CE9}.Debug|x64.Build.0 = Debug|x64
		{1FF93E61-1B11-4097-BBEF-B557326E8CE9}.Debug|x86.ActiveCfg = Debug|Win32
		{1FF93E61-1B11-4097-BBEF-B557326E8CE9}.Debug|x86.Build.0 = Debug|Win32
		{1FF93E61-1B11-4097-BBEF-B557326E8CE9}.Release|x64.ActiveCfg = Release|x64
		{1FF93E61-1B11-4097-BBEF-B557326E8CE9}.Release|x64.Build.0 = Release|x64
		{1FF93E61-1B11-4097-BBEF-B557326E8CE9}.Release|x86.ActiveCfg = Release|Win32
		{1FF93E61-1B11-4097-BBEF-B557326E8CE9}.Release|x86.Build.0 = Release|Win32
		{5482B44C-0D8B-4D3B-BAFD-C0FB5261FE32}.Debug|x64.ActiveCfg = Debug|x64
		{5482B44C-0D8B-4D3B-BAFD-C0FB5261FE32}.Debug|x64.Build.0 = Debug|x64
		{5482B44C-0D8B-4D3B-BAFD-C0FB5261FE32}.Debug|x86.ActiveCfg = Debug|Win32
		{5482B44C-0D8B-4D3B-BAFD-C0FB5261FE32}.Debug|x86.Build.0 = Debug|Win32
		{5482B44C-0D8B-4D3B-BAFD-C0FB5261FE32}.Release|x64.ActiveCfg = Release|x64
		{5482B44C-0D8B-4D3B-BAFD-C0FB5261FE32}.Release|x64.Build.0 = Release|x64
		{5482B44C-0D8B-4D3B-BAFD-C0FB5261FE32}.Release|x86.ActiveCfg = Release|Win32
		{5482B44C-0D8B-4D3B-BAFD-C0FB5261FE32}.Release|x86.Build.0 = Release|Win32
		{528EAB46-0387-46EB-AD42-116BD87E4959}.Debug|x64.ActiveCfg = Debug|x64
		{528EAB46-0387-46EB-AD42-116BD87E4959}.Debug|x64.Build.0 = Debug|x64
		{528EAB46-0387-46EB-AD42-116BD87E4959}.Debug|x86.ActiveCfg = Debug|Win32
		{528EAB46-0387-46EB-AD42-116BD87E4959}.Debug|x86.Build.0 = Debug|Win32
		{528EAB46-0387-46EB-AD42-116BD87E4959}.Release|x64.ActiveCfg = Release|x64
		{528EAB46-0387-46EB-AD42-116BD87E4959}.Release|x64.Build.0 = Release|x64
		{528EAB46-0387-46EB-AD42-116BD87E4959}.Release|x86.ActiveCfg = Release|Win32
		{528EAB46-0387-46EB-AD42-116BD87E4959}.Release|x86.Build.0 = Release|Win32
		{42980DFE-2F76-4CE5-96D4-82EE36B41691}.Debug|x64.ActiveCfg = Debug|x64
		{42980DFE-2F76-4CE5-96D4-82EE36B41691}.Debug|x64.Build.0 = Debug|x64
		{42980DFE-2F76-4CE5-96D4-82EE36B41691}.Debug|x86.ActiveCfg = Debug|Win32
		{42980DFE-2F76-4CE5-96D4-82EE36B41691}.Debug|x86.Build.0 = Debug|Win32
		{42980DFE-2F76-4CE5-96D4-82EE36B41691}.Release|x64.ActiveCfg = Release|x64
		{42980DFE-2F76-4CE5-96D4-82EE36B41691}.Release|x64.Build.0 = Release|x64
		{42980DFE-2F76-4CE5-96D4-82EE36B41691}.Release|x86.ActiveCfg = Release|Win32
		{42980DFE-2F76-4CE5-96D4-82EE36B41691}.Release|x86.Build.0 = Release|Win32
		{D2C3E727-1616-4A39-A4CF-16D201ABDB6A}.Debug|x64.ActiveCfg = Debug|x64
		{D2C3E727-1616-4A39-A4CF-16D201ABDB6A}.Debug|x64.Build.0 = Debug|x64
		{D2C3E727-1616-4A39-A4CF-16D201ABDB6A}.Debug|x86.ActiveCfg = Debug|Win32
		{D2C3E727-1616-4A39-A4CF-16D201ABDB6A}.Debug|x86.Build.0 = Debug|Win32
		{D2C3E727-1616-4A39-A4CF-16D201ABDB6A}.Release|x64.ActiveCfg = Release|x64
		{D2C3E727-1616-4A39-A4CF-16D201ABDB6A}.Release|x64.Build.0 = Release|x64
		{D2C3E727-1616-4A39-A4CF-16D201ABDB6A}.Release|x86.ActiveCfg = Release|Win32
		{D2C3E727-1616-4A39-A4CF-16D201ABDB6A}.Release|x86.Build.0 = Release|Win32
		{410828D3-ABF1-4915-A12B-343A38BC46F1}.Debug|x64.ActiveCfg = Debug|x64
		{410828D3-ABF1-4915-A12B-343A38BC46F1}.Debug|x64.Build.0 = Debug|x64
		{410828D3-ABF1-4915-A12B-343A38BC46F1}.Debug|x86.ActiveCfg = Debug|Win32
		{410828D3-ABF1-4915-A12B-343A38BC46F1}.Debug|x86.Build.0 = Debug|Win32
		{410828D3-ABF1-4915-A12B-343A38BC46F1}.Release|x64.ActiveCfg = Release|x64
		{410828D3-ABF1-4915-A12B-343A38BC46F1}.Release|x64.Build.0 = Release|x64
		{410828D3-ABF1-4915-A12B-343A38BC46F1}.Release|x86.ActiveCfg = Release|Win32
		{410828D3-ABF1-4915-A12B-343A38BC46F1}.Release|x86.Build.0 = Release|Win32
		{D0077A02-978F-447F-B0A4-E968D3AA6029}.Debug|x64.ActiveCfg = Debug|x64
		{D0077A02-978F-447F-B0A4-E968D3AA6029}.Debug|x64.Build.0 = Debug|x64
		{D0077A02-978F-447F-B0A4-E968D3AA6029}.Debug|x86.ActiveCfg = Debug|Win32
		{D0077A02-978F-447F-B0A4-E968D3AA6029}.Debug|x86.Build.0 = Debug|Win32
		{D0077A02-978F-447F-B0A4-E968D3AA6029}.Release|x64.ActiveCfg = Release|x64
		{D0077A02-978F-447F-B0A4-E968D3AA6029}.Release|x64.Build.0 = Release|x64
		{D0077A02-978F-447F-B0A4-E968D3AA6029}.Release|x86.ActiveCfg = Release|Win32
		{D0077A02-978F-447F-B0A4-E968D3AA6029}.Release|x86.Build.0 = Release|Win32
	EndGlobalSection
	GlobalSection(SolutionProperties) = preSolution
		HideSolutionNode = FALSE
	EndGlobalSection
	GlobalSection(ExtensibilityGlobals) = postSolution
		SolutionGuid = {D863F495-8C92-496E-B844-4104E2762022}
	EndGlobalSection
EndGlobal
